
Microsoft Visual Studio Solution File, Format Version 12.00
# Visual Studio 2013
VisualStudioVersion = 12.0.30723.0
MinimumVisualStudioVersion = 10.0.40219.1
Project("{FAE04EC0-301F-11D3-BF4B-00C04F79EFBC}") = "PEAmedia.Web", "PEAmedia.Web\PEAmedia.Web.csproj", "{53B63AE6-711F-48BA-BE7A-E2DEC50A0B37}"
EndProject
Project("{FAE04EC0-301F-11D3-BF4B-00C04F79EFBC}") = "PEAmedia.Player", "PEAmedia.Player\PEAmedia.Player.csproj", "{32A857AB-7B96-4C81-8758-63F361558AE2}"
EndProject
Global
	GlobalSection(SolutionConfigurationPlatforms) = preSolution
		Debug|Any CPU = Debug|Any CPU
		Release|Any CPU = Release|Any CPU
	EndGlobalSection
	GlobalSection(ProjectConfigurationPlatforms) = postSolution
		{53B63AE6-711F-48BA-BE7A-E2DEC50A0B37}.Debug|Any CPU.ActiveCfg = Debug|Any CPU
		{53B63AE6-711F-48BA-BE7A-E2DEC50A0B37}.Debug|Any CPU.Build.0 = Debug|Any CPU
		{53B63AE6-711F-48BA-BE7A-E2DEC50A0B37}.Release|Any CPU.ActiveCfg = Release|Any CPU
		{53B63AE6-711F-48BA-BE7A-E2DEC50A0B37}.Release|Any CPU.Build.0 = Release|Any CPU
		{32A857AB-7B96-4C81-8758-63F361558AE2}.Debug|Any CPU.ActiveCfg = Debug|Any CPU
		{32A857AB-7B96-4C81-8758-63F361558AE2}.Debug|Any CPU.Build.0 = Debug|Any CPU
		{32A857AB-7B96-4C81-8758-63F361558AE2}.Release|Any CPU.ActiveCfg = Release|Any CPU
		{32A857AB-7B96-4C81-8758-63F361558AE2}.Release|Any CPU.Build.0 = Release|Any CPU
	EndGlobalSection
	GlobalSection(SolutionProperties) = preSolution
		HideSolutionNode = FALSE
	EndGlobalSection
EndGlobal
